github.com/abhilashmendhe/dog v0.0.0-20231204142330-058ddcc1908c h1:1hxC82TCkI1bgMskrfSCV5MaOzET5B+8SWpdsEfbaaY=
github.com/abhilashmendhe/dog v0.0.0-20231204142330-058ddcc1908c/go.mod h1:3JeeT8ezZ9QGkOZtAZymoig0VJz0gPBCM4wf8oEUEy8=
github.com/abhilashmendhe/puppy v0.0.0-20231204141225-b789b21e3814 h1:3FzsTvpWOmJTE6Uc5f7tOFUOynT1xjt9ToGyRkaCouk=
github.com/abhilashmendhe/puppy v0.0.0-20231204141225-b789b21e3814/go.mod h1:yv2Zvit4ys6ZgBudHaYk8+RlMwwvcevLA1FbjGetnYs=
github.com/abhilashmendhe/puppy v0.0.0-20231204142415-aa09e18eef3f h1:WujXArDmvoJK7mV/HNyUPAkB8EvY4Okp4rWUJo2W/Xc=
github.com/abhilashmendhe/puppy v0.0.0-20231204142415-aa09e18eef3f/go.mod h1:DfzEUvv8pvUQH+kJfBu0TBk5SBcinPa5e9Ba5rods8A=
